
Microsoft Visual Studio Solution File, Format Version 12.00
# Visual Studio 15
VisualStudioVersion = 15.0.28010.2046
MinimumVisualStudioVersion = 10.0.40219.1
Project("{FAE04EC0-301F-11D3-BF4B-00C04F79EFBC}") = "Ap2-Parcial2-Luis-Rodriguez", "Ap2-Parcial2-Luis-Rodriguez\Ap2-Parcial2-Luis-Rodriguez.csproj", "{40427051-1CF7-480A-B2B9-96978EC5F376}"
EndProject
Project("{FAE04EC0-301F-11D3-BF4B-00C04F79EFBC}") = "BLL", "BLL\BLL.csproj", "{8312C0A6-6240-4D45-829E-59FD2F251898}"
EndProject
Project("{FAE04EC0-301F-11D3-BF4B-00C04F79EFBC}") = "DAL", "DAL\DAL.csproj", "{5E7F23D4-AC33-4B95-8F9F-D510A49DD228}"
EndProject
Project("{FAE04EC0-301F-11D3-BF4B-00C04F79EFBC}") = "Entidades", "Entidades\Entidades.csproj", "{024192E4-5796-4E12-A480-289FA18388AE}"
EndProject
Global
	GlobalSection(SolutionConfigurationPlatforms) = preSolution
		Debug|Any CPU = Debug|Any CPU
		Release|Any CPU = Release|Any CPU
	EndGlobalSection
	GlobalSection(ProjectConfigurationPlatforms) = postSolution
		{40427051-1CF7-480A-B2B9-96978EC5F376}.Debug|Any CPU.ActiveCfg = Debug|Any CPU
		{40427051-1CF7-480A-B2B9-96978EC5F376}.Debug|Any CPU.Build.0 = Debug|Any CPU
		{40427051-1CF7-480A-B2B9-96978EC5F376}.Release|Any CPU.ActiveCfg = Release|Any CPU
		{40427051-1CF7-480A-B2B9-96978EC5F376}.Release|Any CPU.Build.0 = Release|Any CPU
		{8312C0A6-6240-4D45-829E-59FD2F251898}.Debug|Any CPU.ActiveCfg = Debug|Any CPU
		{8312C0A6-6240-4D45-829E-59FD2F251898}.Debug|Any CPU.Build.0 = Debug|Any CPU
		{8312C0A6-6240-4D45-829E-59FD2F251898}.Release|Any CPU.ActiveCfg = Release|Any CPU
		{8312C0A6-6240-4D45-829E-59FD2F251898}.Release|Any CPU.Build.0 = Release|Any CPU
		{5E7F23D4-AC33-4B95-8F9F-D510A49DD228}.Debug|Any CPU.ActiveCfg = Debug|Any CPU
		{5E7F23D4-AC33-4B95-8F9F-D510A49DD228}.Debug|Any CPU.Build.0 = Debug|Any CPU
		{5E7F23D4-AC33-4B95-8F9F-D510A49DD228}.Release|Any CPU.ActiveCfg = Release|Any CPU
		{5E7F23D4-AC33-4B95-8F9F-D510A49DD228}.Release|Any CPU.Build.0 = Release|Any CPU
		{024192E4-5796-4E12-A480-289FA18388AE}.Debug|Any CPU.ActiveCfg = Debug|Any CPU
		{024192E4-5796-4E12-A480-289FA18388AE}.Debug|Any CPU.Build.0 = Debug|Any CPU
		{024192E4-5796-4E12-A480-289FA18388AE}.Release|Any CPU.ActiveCfg = Release|Any CPU
		{024192E4-5796-4E12-A480-289FA18388AE}.Release|Any CPU.Build.0 = Release|Any CPU
	EndGlobalSection
	GlobalSection(SolutionProperties) = preSolution
		HideSolutionNode = FALSE
	EndGlobalSection
	GlobalSection(ExtensibilityGlobals) = postSolution
		SolutionGuid = {BB10CB69-CFCC-46EA-A044-9F86275A0A3D}
	EndGlobalSection
EndGlobal
